
Microsoft Visual Studio Solution File, Format Version 12.00
# Visual Studio 15
VisualStudioVersion = 15.0.28307.329
MinimumVisualStudioVersion = 10.0.40219.1
Project("{9A19103F-16F7-4668-BE54-9A1E7A4F7556}") = "haphaestusBe", "haphaestusBe\haphaestusBe.csproj", "{AE7232B5-72A2-454B-ABAB-15B19EE0761A}"
EndProject
Project("{FAE04EC0-301F-11D3-BF4B-00C04F79EFBC}") = "haphaestusBe.Tests", "haphaestusBe.Tests\haphaestusBe.Tests.csproj", "{22DAD117-3536-4299-9A28-626A13FA7061}"
EndProject
Global
	GlobalSection(SolutionConfigurationPlatforms) = preSolution
		Debug|Any CPU = Debug|Any CPU
		Release|Any CPU = Release|Any CPU
	EndGlobalSection
	GlobalSection(ProjectConfigurationPlatforms) = postSolution
		{AE7232B5-72A2-454B-ABAB-15B19EE0761A}.Debug|Any CPU.ActiveCfg = Debug|Any CPU
		{AE7232B5-72A2-454B-ABAB-15B19EE0761A}.Debug|Any CPU.Build.0 = Debug|Any CPU
		{AE7232B5-72A2-454B-ABAB-15B19EE0761A}.Release|Any CPU.ActiveCfg = Release|Any CPU
		{AE7232B5-72A2-454B-ABAB-15B19EE0761A}.Release|Any CPU.Build.0 = Release|Any CPU
		{22DAD117-3536-4299-9A28-626A13FA7061}.Debug|Any CPU.ActiveCfg = Debug|Any CPU
		{22DAD117-3536-4299-9A28-626A13FA7061}.Debug|Any CPU.Build.0 = Debug|Any CPU
		{22DAD117-3536-4299-9A28-626A13FA7061}.Release|Any CPU.ActiveCfg = Release|Any CPU
		{22DAD117-3536-4299-9A28-626A13FA7061}.Release|Any CPU.Build.0 = Release|Any CPU
	EndGlobalSection
	GlobalSection(SolutionProperties) = preSolution
		HideSolutionNode = FALSE
	EndGlobalSection
	GlobalSection(ExtensibilityGlobals) = postSolution
		SolutionGuid = {8B77B866-7914-40DA-AE4E-72331E48EC6E}
	EndGlobalSection
EndGlobal
